
Microsoft Visual Studio Solution File, Format Version 12.00
# Visual Studio 15
VisualStudioVersion = 15.0.28307.136
MinimumVisualStudioVersion = 10.0.40219.1
Project("{FAE04EC0-301F-11D3-BF4B-00C04F79EFBC}") = "ConsoleApp1", "ConsoleApp1\ConsoleApp1.csproj", "{F3E86F5E-012B-4B55-9ACC-83363E1340F9}"
EndProject
Global
	GlobalSection(SolutionConfigurationPlatforms) = preSolution
		Debug|Any CPU = Debug|Any CPU
		Release|Any CPU = Release|Any CPU
	EndGlobalSection
	GlobalSection(ProjectConfigurationPlatforms) = postSolution
		{F3E86F5E-012B-4B55-9ACC-83363E1340F9}.Debug|Any CPU.ActiveCfg = Debug|Any CPU
		{F3E86F5E-012B-4B55-9ACC-83363E1340F9}.Debug|Any CPU.Build.0 = Debug|Any CPU
		{F3E86F5E-012B-4B55-9ACC-83363E1340F9}.Release|Any CPU.ActiveCfg = Release|Any CPU
		{F3E86F5E-012B-4B55-9ACC-83363E1340F9}.Release|Any CPU.Build.0 = Release|Any CPU
	EndGlobalSection
	GlobalSection(SolutionProperties) = preSolution
		HideSolutionNode = FALSE
	EndGlobalSection
	GlobalSection(ExtensibilityGlobals) = postSolution
		SolutionGuid = {90291749-923B-4DAF-AF94-6D5CD4A9DEFA}
	EndGlobalSection
EndGlobal
